
Microsoft Visual Studio Solution File, Format Version 12.00
# Visual Studio Version 16
VisualStudioVersion = 16.0.31112.23
MinimumVisualStudioVersion = 10.0.40219.1
Project("{F184B08F-C81C-45F6-A57F-5ABD9991F28F}") = "Ejercicios unidad 3", "Ejercicios unidad 3.vbproj", "{5BED1F69-D8FF-4949-B9FD-A3551BB63057}"
EndProject
Global
	GlobalSection(SolutionConfigurationPlatforms) = preSolution
		Debug|Any CPU = Debug|Any CPU
		Release|Any CPU = Release|Any CPU
	EndGlobalSection
	GlobalSection(ProjectConfigurationPlatforms) = postSolution
		{5BED1F69-D8FF-4949-B9FD-A3551BB63057}.Debug|Any CPU.ActiveCfg = Debug|Any CPU
		{5BED1F69-D8FF-4949-B9FD-A3551BB63057}.Debug|Any CPU.Build.0 = Debug|Any CPU
		{5BED1F69-D8FF-4949-B9FD-A3551BB63057}.Release|Any CPU.ActiveCfg = Release|Any CPU
		{5BED1F69-D8FF-4949-B9FD-A3551BB63057}.Release|Any CPU.Build.0 = Release|Any CPU
	EndGlobalSection
	GlobalSection(SolutionProperties) = preSolution
		HideSolutionNode = FALSE
	EndGlobalSection
	GlobalSection(ExtensibilityGlobals) = postSolution
		SolutionGuid = {4AD3041C-7F30-4B3A-B1A8-587A873AA6BD}
	EndGlobalSection
EndGlobal
